<Solution>
  <Project Path="HospitalManagement.API/HospitalManagement.API.csproj" />
  <Project Path="HospitalManagement.Core/HospitalManagement.Core.csproj" />
  <Project Path="HospitalManagement.Adapters.Persistence/HospitalManagement.Adapters.Persistence.csproj" />
  <Project Path="HospitalManagement.Adapters.Caching.Redis/HospitalManagement.Adapters.Caching.Redis.csproj" />
  <Project Path="HospitalManagement.Adapters.Notifications.Email/HospitalManagement.Adapters.Notifications.Email.csproj" />
  <Project Path="HospitalManagement.Tests/HospitalManagement.Tests.csproj" />
</Solution>
